{
  "requires": true,
  "lockfileVersion": 1,
  "dependencies": {
    "@editorjs/editorjs": {
      "version": "2.28.2",
      "resolved": "https://registry.npmjs.org/@editorjs/editorjs/-/editorjs-2.28.2.tgz",
      "integrity": "sha512-g6V0Nd3W9IIWMpvxDNTssQ6e4kxBp1Y0W4GIf8cXRlmcBp3TUjrgCYJQmNy3l2a6ZzhyBAoVSe8krJEq4g7PQw=="
    },
    "fs": {
      "version": "0.0.1-security",
      "resolved": "https://registry.npmjs.org/fs/-/fs-0.0.1-security.tgz",
      "integrity": "sha1-invTcYa23d84E/I4WLV+yq9eQdQ="
    },
    "require": {
      "version": "0.4.4",
      "resolved": "https://registry.npmjs.org/require/-/require-0.4.4.tgz",
      "integrity": "sha1-AZk4Uoc4zFXr0ZRxMGsSnl61z+A="
    },
    "vivus": {
      "version": "0.4.6",
      "resolved": "https://registry.npmjs.org/vivus/-/vivus-0.4.6.tgz",
      "integrity": "sha512-q6cDPTGqw/bq9sKF2h2T6GJ9PlwAFncHq7MdaK95WTSyd/7gz//UHTZbJ3B+r8f7AhcISPTC3sv9+u65BmmFbw=="
    }
  }
}
